
Microsoft Visual Studio Solution File, Format Version 12.00
# Visual Studio Version 16
VisualStudioVersion = 16.0.31829.152
MinimumVisualStudioVersion = 10.0.40219.1
Project("{FAE04EC0-301F-11D3-BF4B-00C04F79EFBC}") = "DisposeAndFinalizeDemo", "DisposeAndFinalizeDemo.csproj", "{259928F4-D71D-4D05-866C-E67A0614641E}"
EndProject
Global
	GlobalSection(SolutionConfigurationPlatforms) = preSolution
		Debug|Any CPU = Debug|Any CPU
		Release|Any CPU = Release|Any CPU
	EndGlobalSection
	GlobalSection(ProjectConfigurationPlatforms) = postSolution
		{259928F4-D71D-4D05-866C-E67A0614641E}.Debug|Any CPU.ActiveCfg = Debug|Any CPU
		{259928F4-D71D-4D05-866C-E67A0614641E}.Debug|Any CPU.Build.0 = Debug|Any CPU
		{259928F4-D71D-4D05-866C-E67A0614641E}.Release|Any CPU.ActiveCfg = Release|Any CPU
		{259928F4-D71D-4D05-866C-E67A0614641E}.Release|Any CPU.Build.0 = Release|Any CPU
	EndGlobalSection
	GlobalSection(SolutionProperties) = preSolution
		HideSolutionNode = FALSE
	EndGlobalSection
	GlobalSection(ExtensibilityGlobals) = postSolution
		SolutionGuid = {8C3AF647-4BA4-4E19-807F-246CE9FFD5A4}
	EndGlobalSection
EndGlobal
